
Microsoft Visual Studio Solution File, Format Version 12.00
# Visual Studio Version 16
VisualStudioVersion = 16.0.29102.190
MinimumVisualStudioVersion = 10.0.40219.1
Project("{FAE04EC0-301F-11D3-BF4B-00C04F79EFBC}") = "EBayTest", "EBayTest\EBayTest.csproj", "{640F2DEB-BA39-4251-A6A8-8E083D07B414}"
EndProject
Global
	GlobalSection(SolutionConfigurationPlatforms) = preSolution
		Debug|Any CPU = Debug|Any CPU
		Release|Any CPU = Release|Any CPU
	EndGlobalSection
	GlobalSection(ProjectConfigurationPlatforms) = postSolution
		{640F2DEB-BA39-4251-A6A8-8E083D07B414}.Debug|Any CPU.ActiveCfg = Debug|Any CPU
		{640F2DEB-BA39-4251-A6A8-8E083D07B414}.Debug|Any CPU.Build.0 = Debug|Any CPU
		{640F2DEB-BA39-4251-A6A8-8E083D07B414}.Release|Any CPU.ActiveCfg = Release|Any CPU
		{640F2DEB-BA39-4251-A6A8-8E083D07B414}.Release|Any CPU.Build.0 = Release|Any CPU
	EndGlobalSection
	GlobalSection(SolutionProperties) = preSolution
		HideSolutionNode = FALSE
	EndGlobalSection
	GlobalSection(ExtensibilityGlobals) = postSolution
		SolutionGuid = {2E8EECF4-E9D6-412D-90F5-225A527D8F64}
	EndGlobalSection
EndGlobal
